
Microsoft Visual Studio Solution File, Format Version 12.00
# Visual Studio 15
VisualStudioVersion = 15.0.27130.2010
MinimumVisualStudioVersion = 10.0.40219.1
Project("{F184B08F-C81C-45F6-A57F-5ABD9991F28F}") = "ParkingControl", "WindowsApp1\ParkingControl.vbproj", "{AD63686E-8E10-4F3B-9FF1-7D81D9069A8A}"
EndProject
Global
	GlobalSection(SolutionConfigurationPlatforms) = preSolution
		Debug|Any CPU = Debug|Any CPU
		Release|Any CPU = Release|Any CPU
	EndGlobalSection
	GlobalSection(ProjectConfigurationPlatforms) = postSolution
		{AD63686E-8E10-4F3B-9FF1-7D81D9069A8A}.Debug|Any CPU.ActiveCfg = Debug|Any CPU
		{AD63686E-8E10-4F3B-9FF1-7D81D9069A8A}.Debug|Any CPU.Build.0 = Debug|Any CPU
		{AD63686E-8E10-4F3B-9FF1-7D81D9069A8A}.Release|Any CPU.ActiveCfg = Release|Any CPU
		{AD63686E-8E10-4F3B-9FF1-7D81D9069A8A}.Release|Any CPU.Build.0 = Release|Any CPU
	EndGlobalSection
	GlobalSection(SolutionProperties) = preSolution
		HideSolutionNode = FALSE
	EndGlobalSection
	GlobalSection(ExtensibilityGlobals) = postSolution
		SolutionGuid = {88F8B732-DE29-4B80-818E-C8348E928E8A}
	EndGlobalSection
EndGlobal
