
Microsoft Visual Studio Solution File, Format Version 12.00
# Visual Studio 15
VisualStudioVersion = 15.0.27130.2010
MinimumVisualStudioVersion = 10.0.40219.1
Project("{F184B08F-C81C-45F6-A57F-5ABD9991F28F}") = "ParkingControl", "ParkingControl\ParkingControl.vbproj", "{AF02D719-21CA-4896-AD1B-342ED089A488}"
EndProject
Project("{778DAE3C-4631-46EA-AA77-85C1314464D9}") = "ParkingControlClasses", "ParkingControlClasses\ParkingControlClasses.vbproj", "{072A5A58-5F18-46C8-8080-8132A6149603}"
EndProject
Project("{E24C65DC-7377-472B-9ABA-BC803B73C61A}") = "ParkingControlWebSite", "ParkingControlWebSite\", "{58B492A2-3773-4928-86A9-668FC215DA08}"
	ProjectSection(WebsiteProperties) = preProject
		TargetFrameworkMoniker = ".NETFramework,Version%3Dv4.6.1"
		ProjectReferences = "{072a5a58-5f18-46c8-8080-8132a6149603}|ParkingControlClasses.dll;"
		Debug.AspNetCompiler.VirtualPath = "/localhost_61828"
		Debug.AspNetCompiler.PhysicalPath = "ParkingControlWebSite\"
		Debug.AspNetCompiler.TargetPath = "PrecompiledWeb\localhost_61828\"
		Debug.AspNetCompiler.Updateable = "true"
		Debug.AspNetCompiler.ForceOverwrite = "true"
		Debug.AspNetCompiler.FixedNames = "false"
		Debug.AspNetCompiler.Debug = "True"
		Release.AspNetCompiler.VirtualPath = "/localhost_61828"
		Release.AspNetCompiler.PhysicalPath = "ParkingControlWebSite\"
		Release.AspNetCompiler.TargetPath = "PrecompiledWeb\localhost_61828\"
		Release.AspNetCompiler.Updateable = "true"
		Release.AspNetCompiler.ForceOverwrite = "true"
		Release.AspNetCompiler.FixedNames = "false"
		Release.AspNetCompiler.Debug = "False"
		VWDPort = "61828"
		SlnRelativePath = "ParkingControlWebSite\"
		DefaultWebSiteLanguage = "Visual Basic"
	EndProjectSection
	ProjectSection(ProjectDependencies) = postProject
		{2977A137-0F90-4C83-9358-162A87FA8D6E} = {2977A137-0F90-4C83-9358-162A87FA8D6E}
	EndProjectSection
EndProject
Project("{E24C65DC-7377-472B-9ABA-BC803B73C61A}") = "ParkingControlWebServices", "ParkingControlWebServices\", "{2977A137-0F90-4C83-9358-162A87FA8D6E}"
	ProjectSection(WebsiteProperties) = preProject
		TargetFrameworkMoniker = ".NETFramework,Version%3Dv4.6.1"
		ProjectReferences = "{072a5a58-5f18-46c8-8080-8132a6149603}|ParkingControlClasses.dll;"
		Debug.AspNetCompiler.VirtualPath = "/localhost_55802"
		Debug.AspNetCompiler.PhysicalPath = "ParkingControlWebServices\"
		Debug.AspNetCompiler.TargetPath = "PrecompiledWeb\localhost_55802\"
		Debug.AspNetCompiler.Updateable = "true"
		Debug.AspNetCompiler.ForceOverwrite = "true"
		Debug.AspNetCompiler.FixedNames = "false"
		Debug.AspNetCompiler.Debug = "True"
		Release.AspNetCompiler.VirtualPath = "/localhost_55802"
		Release.AspNetCompiler.PhysicalPath = "ParkingControlWebServices\"
		Release.AspNetCompiler.TargetPath = "PrecompiledWeb\localhost_55802\"
		Release.AspNetCompiler.Updateable = "true"
		Release.AspNetCompiler.ForceOverwrite = "true"
		Release.AspNetCompiler.FixedNames = "false"
		Release.AspNetCompiler.Debug = "False"
		VWDPort = "55802"
		SlnRelativePath = "ParkingControlWebServices\"
		DefaultWebSiteLanguage = "Visual Basic"
	EndProjectSection
EndProject
Project("{FAE04EC0-301F-11D3-BF4B-00C04F79EFBC}") = "ParkingSpotAndroidApp", "ParkingSpotAndroidApp\ParkingSpotAndroidApp.csproj", "{07272096-7498-4F50-B9FC-AA5202BDA99D}"
EndProject
Global
	GlobalSection(SolutionConfigurationPlatforms) = preSolution
		Debug|Any CPU = Debug|Any CPU
		Release|Any CPU = Release|Any CPU
	EndGlobalSection
	GlobalSection(ProjectConfigurationPlatforms) = postSolution
		{AF02D719-21CA-4896-AD1B-342ED089A488}.Debug|Any CPU.ActiveCfg = Debug|Any CPU
		{AF02D719-21CA-4896-AD1B-342ED089A488}.Debug|Any CPU.Build.0 = Debug|Any CPU
		{AF02D719-21CA-4896-AD1B-342ED089A488}.Release|Any CPU.ActiveCfg = Release|Any CPU
		{AF02D719-21CA-4896-AD1B-342ED089A488}.Release|Any CPU.Build.0 = Release|Any CPU
		{072A5A58-5F18-46C8-8080-8132A6149603}.Debug|Any CPU.ActiveCfg = Debug|Any CPU
		{072A5A58-5F18-46C8-8080-8132A6149603}.Debug|Any CPU.Build.0 = Debug|Any CPU
		{072A5A58-5F18-46C8-8080-8132A6149603}.Release|Any CPU.ActiveCfg = Release|Any CPU
		{072A5A58-5F18-46C8-8080-8132A6149603}.Release|Any CPU.Build.0 = Release|Any CPU
		{58B492A2-3773-4928-86A9-668FC215DA08}.Debug|Any CPU.ActiveCfg = Debug|Any CPU
		{58B492A2-3773-4928-86A9-668FC215DA08}.Debug|Any CPU.Build.0 = Debug|Any CPU
		{58B492A2-3773-4928-86A9-668FC215DA08}.Release|Any CPU.ActiveCfg = Debug|Any CPU
		{58B492A2-3773-4928-86A9-668FC215DA08}.Release|Any CPU.Build.0 = Debug|Any CPU
		{2977A137-0F90-4C83-9358-162A87FA8D6E}.Debug|Any CPU.ActiveCfg = Debug|Any CPU
		{2977A137-0F90-4C83-9358-162A87FA8D6E}.Debug|Any CPU.Build.0 = Debug|Any CPU
		{2977A137-0F90-4C83-9358-162A87FA8D6E}.Release|Any CPU.ActiveCfg = Debug|Any CPU
		{2977A137-0F90-4C83-9358-162A87FA8D6E}.Release|Any CPU.Build.0 = Debug|Any CPU
		{07272096-7498-4F50-B9FC-AA5202BDA99D}.Debug|Any CPU.ActiveCfg = Debug|Any CPU
		{07272096-7498-4F50-B9FC-AA5202BDA99D}.Debug|Any CPU.Build.0 = Debug|Any CPU
		{07272096-7498-4F50-B9FC-AA5202BDA99D}.Debug|Any CPU.Deploy.0 = Debug|Any CPU
		{07272096-7498-4F50-B9FC-AA5202BDA99D}.Release|Any CPU.ActiveCfg = Release|Any CPU
		{07272096-7498-4F50-B9FC-AA5202BDA99D}.Release|Any CPU.Build.0 = Release|Any CPU
		{07272096-7498-4F50-B9FC-AA5202BDA99D}.Release|Any CPU.Deploy.0 = Release|Any CPU
	EndGlobalSection
	GlobalSection(SolutionProperties) = preSolution
		HideSolutionNode = FALSE
	EndGlobalSection
	GlobalSection(ExtensibilityGlobals) = postSolution
		SolutionGuid = {88F8B732-DE29-4B80-818E-C8348E928E8A}
	EndGlobalSection
EndGlobal
